// !$*UTF8*$!
{
	archiveVersion = 1;
	classes = {
	};
	objectVersion = 48;
	objects = {

/* Begin PBXBuildFile section */
		35CE80FD200FA1AC00C13235 /* ZXNetworkManager.framework in Frameworks */ = {isa = PBXBuildFile; fileRef = 35CE80F3200FA1AC00C13235 /* ZXNetworkManager.framework */; };
		35CE8102200FA1AC00C13235 /* ZXNetworkManagerTests.m in Sources */ = {isa = PBXBuildFile; fileRef = 35CE8101200FA1AC00C13235 /* ZXNetworkManagerTests.m */; };
		35CE810F200FA1C500C13235 /* ZXNetWorkManager.m in Sources */ = {isa = PBXBuildFile; fileRef = 35CE810D200FA1C500C13235 /* ZXNetWorkManager.m */; };
		35CE8138200FA39C00C13235 /* ZXModelManager.h in Headers */ = {isa = PBXBuildFile; fileRef = 35CE8136200FA39C00C13235 /* ZXModelManager.h */; };
		35CE8139200FA39C00C13235 /* ZXModelManager.m in Sources */ = {isa = PBXBuildFile; fileRef = 35CE8137200FA39C00C13235 /* ZXModelManager.m */; };
/* End PBXBuildFile section */

/* Begin PBXContainerItemProxy section */
		35CE80FE200FA1AC00C13235 /* PBXContainerItemProxy */ = {
			isa = PBXContainerItemProxy;
			containerPortal = 35CE80EA200FA1AB00C13235 /* Project object */;
			proxyType = 1;
			remoteGlobalIDString = 35CE80F2200FA1AC00C13235;
			remoteInfo = ZXNetworkManager;
		};
/* End PBXContainerItemProxy section */

/* Begin PBXFileReference section */
		35CE80F3200FA1AC00C13235 /* ZXNetworkManager.framework */ = {isa = PBXFileReference; explicitFileType = wrapper.framework; includeInIndex = 0; path = ZXNetworkManager.framework; sourceTree = BUILT_PRODUCTS_DIR; };
		35CE80F7200FA1AC00C13235 /* Info.plist */ = {isa = PBXFileReference; lastKnownFileType = text.plist.xml; path = Info.plist; sourceTree = "<group>"; };
		35CE80FC200FA1AC00C13235 /* ZXNetworkManagerTests.xctest */ = {isa = PBXFileReference; explicitFileType = wrapper.cfbundle; includeInIndex = 0; path = ZXNetworkManagerTests.xctest; sourceTree = BUILT_PRODUCTS_DIR; };
		35CE8101200FA1AC00C13235 /* ZXNetworkManagerTests.m */ = {isa = PBXFileReference; lastKnownFileType = sourcecode.c.objc; path = ZXNetworkManagerTests.m; sourceTree = "<group>"; };
		35CE8103200FA1AC00C13235 /* Info.plist */ = {isa = PBXFileReference; lastKnownFileType = text.plist.xml; path = Info.plist; sourceTree = "<group>"; };
		35CE810D200FA1C500C13235 /* ZXNetWorkManager.m */ = {isa = PBXFileReference; lastKnownFileType = sourcecode.c.objc; path = ZXNetWorkManager.m; sourceTree = "<group>"; };
		35CE810E200FA1C500C13235 /* ZXNetWorkManager.h */ = {isa = PBXFileReference; lastKnownFileType = sourcecode.c.h; path = ZXNetWorkManager.h; sourceTree = "<group>"; };
		35CE8112200FA24400C13235 /* AFHTTPSessionManager.h */ = {isa = PBXFileReference; lastKnownFileType = sourcecode.c.h; path = AFHTTPSessionManager.h; sourceTree = "<group>"; };
		35CE8113200FA24400C13235 /* AFHTTPSessionManager.m */ = {isa = PBXFileReference; lastKnownFileType = sourcecode.c.objc; path = AFHTTPSessionManager.m; sourceTree = "<group>"; };
		35CE8114200FA24400C13235 /* AFNetworking.h */ = {isa = PBXFileReference; lastKnownFileType = sourcecode.c.h; path = AFNetworking.h; sourceTree = "<group>"; };
		35CE8115200FA24400C13235 /* AFNetworkReachabilityManager.h */ = {isa = PBXFileReference; lastKnownFileType = sourcecode.c.h; path = AFNetworkReachabilityManager.h; sourceTree = "<group>"; };
		35CE8116200FA24400C13235 /* AFNetworkReachabilityManager.m */ = {isa = PBXFileReference; lastKnownFileType = sourcecode.c.objc; path = AFNetworkReachabilityManager.m; sourceTree = "<group>"; };
		35CE8117200FA24400C13235 /* AFSecurityPolicy.h */ = {isa = PBXFileReference; lastKnownFileType = sourcecode.c.h; path = AFSecurityPolicy.h; sourceTree = "<group>"; };
		35CE8118200FA24400C13235 /* AFSecurityPolicy.m */ = {isa = PBXFileReference; lastKnownFileType = sourcecode.c.objc; path = AFSecurityPolicy.m; sourceTree = "<group>"; };
		35CE8119200FA24400C13235 /* AFURLRequestSerialization.h */ = {isa = PBXFileReference; lastKnownFileType = sourcecode.c.h; path = AFURLRequestSerialization.h; sourceTree = "<group>"; };
		35CE811A200FA24400C13235 /* AFURLRequestSerialization.m */ = {isa = PBXFileReference; lastKnownFileType = sourcecode.c.objc; path = AFURLRequestSerialization.m; sourceTree = "<group>"; };
		35CE811B200FA24400C13235 /* AFURLResponseSerialization.h */ = {isa = PBXFileReference; lastKnownFileType = sourcecode.c.h; path = AFURLResponseSerialization.h; sourceTree = "<group>"; };
		35CE811C200FA24400C13235 /* AFURLResponseSerialization.m */ = {isa = PBXFileReference; lastKnownFileType = sourcecode.c.objc; path = AFURLResponseSerialization.m; sourceTree = "<group>"; };
		35CE811D200FA24400C13235 /* AFURLSessionManager.h */ = {isa = PBXFileReference; lastKnownFileType = sourcecode.c.h; path = AFURLSessionManager.h; sourceTree = "<group>"; };
		35CE811E200FA24400C13235 /* AFURLSessionManager.m */ = {isa = PBXFileReference; lastKnownFileType = sourcecode.c.objc; path = AFURLSessionManager.m; sourceTree = "<group>"; };
		35CE811F200FA24400C13235 /* LICENSE */ = {isa = PBXFileReference; lastKnownFileType = text; path = LICENSE; sourceTree = "<group>"; };
		35CE8120200FA24400C13235 /* README.md */ = {isa = PBXFileReference; lastKnownFileType = net.daringfireball.markdown; path = README.md; sourceTree = "<group>"; };
		35CE8122200FA24400C13235 /* AFAutoPurgingImageCache.h */ = {isa = PBXFileReference; lastKnownFileType = sourcecode.c.h; path = AFAutoPurgingImageCache.h; sourceTree = "<group>"; };
		35CE8123200FA24400C13235 /* AFAutoPurgingImageCache.m */ = {isa = PBXFileReference; lastKnownFileType = sourcecode.c.objc; path = AFAutoPurgingImageCache.m; sourceTree = "<group>"; };
		35CE8124200FA24400C13235 /* AFImageDownloader.h */ = {isa = PBXFileReference; lastKnownFileType = sourcecode.c.h; path = AFImageDownloader.h; sourceTree = "<group>"; };
		35CE8125200FA24400C13235 /* AFImageDownloader.m */ = {isa = PBXFileReference; lastKnownFileType = sourcecode.c.objc; path = AFImageDownloader.m; sourceTree = "<group>"; };
		35CE8126200FA24400C13235 /* AFNetworkActivityIndicatorManager.h */ = {isa = PBXFileReference; lastKnownFileType = sourcecode.c.h; path = AFNetworkActivityIndicatorManager.h; sourceTree = "<group>"; };
		35CE8127200FA24400C13235 /* AFNetworkActivityIndicatorManager.m */ = {isa = PBXFileReference; lastKnownFileType = sourcecode.c.objc; path = AFNetworkActivityIndicatorManager.m; sourceTree = "<group>"; };
		35CE8128200FA24400C13235 /* UIActivityIndicatorView+AFNetworking.h */ = {isa = PBXFileReference; lastKnownFileType = sourcecode.c.h; path = "UIActivityIndicatorView+AFNetworking.h"; sourceTree = "<group>"; };
		35CE8129200FA24400C13235 /* UIActivityIndicatorView+AFNetworking.m */ = {isa = PBXFileReference; lastKnownFileType = sourcecode.c.objc; path = "UIActivityIndicatorView+AFNetworking.m"; sourceTree = "<group>"; };
		35CE812A200FA24400C13235 /* UIButton+AFNetworking.h */ = {isa = PBXFileReference; lastKnownFileType = sourcecode.c.h; path = "UIButton+AFNetworking.h"; sourceTree = "<group>"; };
		35CE812B200FA24400C13235 /* UIButton+AFNetworking.m */ = {isa = PBXFileReference; lastKnownFileType = sourcecode.c.objc; path = "UIButton+AFNetworking.m"; sourceTree = "<group>"; };
		35CE812C200FA24400C13235 /* UIImage+AFNetworking.h */ = {isa = PBXFileReference; lastKnownFileType = sourcecode.c.h; path = "UIImage+AFNetworking.h"; sourceTree = "<group>"; };
		35CE812D200FA24400C13235 /* UIImageView+AFNetworking.h */ = {isa = PBXFileReference; lastKnownFileType = sourcecode.c.h; path = "UIImageView+AFNetworking.h"; sourceTree = "<group>"; };
		35CE812E200FA24400C13235 /* UIImageView+AFNetworking.m */ = {isa = PBXFileReference; lastKnownFileType = sourcecode.c.objc; path = "UIImageView+AFNetworking.m"; sourceTree = "<group>"; };
		35CE812F200FA24400C13235 /* UIKit+AFNetworking.h */ = {isa = PBXFileReference; lastKnownFileType = sourcecode.c.h; path = "UIKit+AFNetworking.h"; sourceTree = "<group>"; };
		35CE8130200FA24400C13235 /* UIProgressView+AFNetworking.h */ = {isa = PBXFileReference; lastKnownFileType = sourcecode.c.h; path = "UIProgressView+AFNetworking.h"; sourceTree = "<group>"; };
		35CE8131200FA24400C13235 /* UIProgressView+AFNetworking.m */ = {isa = PBXFileReference; lastKnownFileType = sourcecode.c.objc; path = "UIProgressView+AFNetworking.m"; sourceTree = "<group>"; };
		35CE8132200FA24400C13235 /* UIRefreshControl+AFNetworking.h */ = {isa = PBXFileReference; lastKnownFileType = sourcecode.c.h; path = "UIRefreshControl+AFNetworking.h"; sourceTree = "<group>"; };
		35CE8133200FA24400C13235 /* UIRefreshControl+AFNetworking.m */ = {isa = PBXFileReference; lastKnownFileType = sourcecode.c.objc; path = "UIRefreshControl+AFNetworking.m"; sourceTree = "<group>"; };
		35CE8134200FA24400C13235 /* UIWebView+AFNetworking.h */ = {isa = PBXFileReference; lastKnownFileType = sourcecode.c.h; path = "UIWebView+AFNetworking.h"; sourceTree = "<group>"; };
		35CE8135200FA24400C13235 /* UIWebView+AFNetworking.m */ = {isa = PBXFileReference; lastKnownFileType = sourcecode.c.objc; path = "UIWebView+AFNetworking.m"; sourceTree = "<group>"; };
		35CE8136200FA39C00C13235 /* ZXModelManager.h */ = {isa = PBXFileReference; lastKnownFileType = sourcecode.c.h; path = ZXModelManager.h; sourceTree = "<group>"; };
		35CE8137200FA39C00C13235 /* ZXModelManager.m */ = {isa = PBXFileReference; lastKnownFileType = sourcecode.c.objc; path = ZXModelManager.m; sourceTree = "<group>"; };
		35CE813B200FA41500C13235 /* KeyChain.h */ = {isa = PBXFileReference; lastKnownFileType = sourcecode.c.h; path = KeyChain.h; sourceTree = "<group>"; };
		35CE813C200FA41500C13235 /* KeyChain.m */ = {isa = PBXFileReference; lastKnownFileType = sourcecode.c.objc; path = KeyChain.m; sourceTree = "<group>"; };
		35CE813D200FA41500C13235 /* KeychainItemWrapper.h */ = {isa = PBXFileReference; lastKnownFileType = sourcecode.c.h; path = KeychainItemWrapper.h; sourceTree = "<group>"; };
		35CE813E200FA41500C13235 /* KeychainItemWrapper.m */ = {isa = PBXFileReference; lastKnownFileType = sourcecode.c.objc; path = KeychainItemWrapper.m; sourceTree = "<group>"; };
/* End PBXFileReference section */

/* Begin PBXFrameworksBuildPhase section */
		35CE80EF200FA1AC00C13235 /* Frameworks */ = {
			isa = PBXFrameworksBuildPhase;
			buildActionMask = 2147483647;
			files = (
			);
			runOnlyForDeploymentPostprocessing = 0;
		};
		35CE80F9200FA1AC00C13235 /* Frameworks */ = {
			isa = PBXFrameworksBuildPhase;
			buildActionMask = 2147483647;
			files = (
				35CE80FD200FA1AC00C13235 /* ZXNetworkManager.framework in Frameworks */,
			);
			runOnlyForDeploymentPostprocessing = 0;
		};
/* End PBXFrameworksBuildPhase section */

/* Begin PBXGroup section */
		35CE80E9200FA1AB00C13235 = {
			isa = PBXGroup;
			children = (
				35CE80F5200FA1AC00C13235 /* ZXNetworkManager */,
				35CE8100200FA1AC00C13235 /* ZXNetworkManagerTests */,
				35CE80F4200FA1AC00C13235 /* Products */,
			);
			sourceTree = "<group>";
		};
		35CE80F4200FA1AC00C13235 /* Products */ = {
			isa = PBXGroup;
			children = (
				35CE80F3200FA1AC00C13235 /* ZXNetworkManager.framework */,
				35CE80FC200FA1AC00C13235 /* ZXNetworkManagerTests.xctest */,
			);
			name = Products;
			sourceTree = "<group>";
		};
		35CE80F5200FA1AC00C13235 /* ZXNetworkManager */ = {
			isa = PBXGroup;
			children = (
				35CE813A200FA41500C13235 /* Keychain */,
				35CE8110200FA24400C13235 /* AFNetworking */,
				35CE810E200FA1C500C13235 /* ZXNetWorkManager.h */,
				35CE810D200FA1C500C13235 /* ZXNetWorkManager.m */,
				35CE8136200FA39C00C13235 /* ZXModelManager.h */,
				35CE8137200FA39C00C13235 /* ZXModelManager.m */,
				35CE80F7200FA1AC00C13235 /* Info.plist */,
			);
			path = ZXNetworkManager;
			sourceTree = "<group>";
		};
		35CE8100200FA1AC00C13235 /* ZXNetworkManagerTests */ = {
			isa = PBXGroup;
			children = (
				35CE8101200FA1AC00C13235 /* ZXNetworkManagerTests.m */,
				35CE8103200FA1AC00C13235 /* Info.plist */,
			);
			path = ZXNetworkManagerTests;
			sourceTree = "<group>";
		};
		35CE8110200FA24400C13235 /* AFNetworking */ = {
			isa = PBXGroup;
			children = (
				35CE8111200FA24400C13235 /* AFNetworking */,
				35CE811F200FA24400C13235 /* LICENSE */,
				35CE8120200FA24400C13235 /* README.md */,
				35CE8121200FA24400C13235 /* UIKit+AFNetworking */,
			);
			path = AFNetworking;
			sourceTree = "<group>";
		};
		35CE8111200FA24400C13235 /* AFNetworking */ = {
			isa = PBXGroup;
			children = (
				35CE8112200FA24400C13235 /* AFHTTPSessionManager.h */,
				35CE8113200FA24400C13235 /* AFHTTPSessionManager.m */,
				35CE8114200FA24400C13235 /* AFNetworking.h */,
				35CE8115200FA24400C13235 /* AFNetworkReachabilityManager.h */,
				35CE8116200FA24400C13235 /* AFNetworkReachabilityManager.m */,
				35CE8117200FA24400C13235 /* AFSecurityPolicy.h */,
				35CE8118200FA24400C13235 /* AFSecurityPolicy.m */,
				35CE8119200FA24400C13235 /* AFURLRequestSerialization.h */,
				35CE811A200FA24400C13235 /* AFURLRequestSerialization.m */,
				35CE811B200FA24400C13235 /* AFURLResponseSerialization.h */,
				35CE811C200FA24400C13235 /* AFURLResponseSerialization.m */,
				35CE811D200FA24400C13235 /* AFURLSessionManager.h */,
				35CE811E200FA24400C13235 /* AFURLSessionManager.m */,
			);
			path = AFNetworking;
			sourceTree = "<group>";
		};
		35CE8121200FA24400C13235 /* UIKit+AFNetworking */ = {
			isa = PBXGroup;
			children = (
				35CE8122200FA24400C13235 /* AFAutoPurgingImageCache.h */,
				35CE8123200FA24400C13235 /* AFAutoPurgingImageCache.m */,
				35CE8124200FA24400C13235 /* AFImageDownloader.h */,
				35CE8125200FA24400C13235 /* AFImageDownloader.m */,
				35CE8126200FA24400C13235 /* AFNetworkActivityIndicatorManager.h */,
				35CE8127200FA24400C13235 /* AFNetworkActivityIndicatorManager.m */,
				35CE8128200FA24400C13235 /* UIActivityIndicatorView+AFNetworking.h */,
				35CE8129200FA24400C13235 /* UIActivityIndicatorView+AFNetworking.m */,
				35CE812A200FA24400C13235 /* UIButton+AFNetworking.h */,
				35CE812B200FA24400C13235 /* UIButton+AFNetworking.m */,
				35CE812C200FA24400C13235 /* UIImage+AFNetworking.h */,
				35CE812D200FA24400C13235 /* UIImageView+AFNetworking.h */,
				35CE812E200FA24400C13235 /* UIImageView+AFNetworking.m */,
				35CE812F200FA24400C13235 /* UIKit+AFNetworking.h */,
				35CE8130200FA24400C13235 /* UIProgressView+AFNetworking.h */,
				35CE8131200FA24400C13235 /* UIProgressView+AFNetworking.m */,
				35CE8132200FA24400C13235 /* UIRefreshControl+AFNetworking.h */,
				35CE8133200FA24400C13235 /* UIRefreshControl+AFNetworking.m */,
				35CE8134200FA24400C13235 /* UIWebView+AFNetworking.h */,
				35CE8135200FA24400C13235 /* UIWebView+AFNetworking.m */,
			);
			path = "UIKit+AFNetworking";
			sourceTree = "<group>";
		};
		35CE813A200FA41500C13235 /* Keychain */ = {
			isa = PBXGroup;
			children = (
				35CE813B200FA41500C13235 /* KeyChain.h */,
				35CE813C200FA41500C13235 /* KeyChain.m */,
				35CE813D200FA41500C13235 /* KeychainItemWrapper.h */,
				35CE813E200FA41500C13235 /* KeychainItemWrapper.m */,
			);
			path = Keychain;
			sourceTree = "<group>";
		};
/* End PBXGroup section */

/* Begin PBXHeadersBuildPhase section */
		35CE80F0200FA1AC00C13235 /* Headers */ = {
			isa = PBXHeadersBuildPhase;
			buildActionMask = 2147483647;
			files = (
				35CE8138200FA39C00C13235 /* ZXModelManager.h in Headers */,
			);
			runOnlyForDeploymentPostprocessing = 0;
		};
/* End PBXHeadersBuildPhase section */

/* Begin PBXNativeTarget section */
		35CE80F2200FA1AC00C13235 /* ZXNetworkManager */ = {
			isa = PBXNativeTarget;
			buildConfigurationList = 35CE8107200FA1AC00C13235 /* Build configuration list for PBXNativeTarget "ZXNetworkManager" */;
			buildPhases = (
				35CE80EE200FA1AC00C13235 /* Sources */,
				35CE80EF200FA1AC00C13235 /* Frameworks */,
				35CE80F0200FA1AC00C13235 /* Headers */,
				35CE80F1200FA1AC00C13235 /* Resources */,
			);
			buildRules = (
			);
			dependencies = (
			);
			name = ZXNetworkManager;
			productName = ZXNetworkManager;
			productReference = 35CE80F3200FA1AC00C13235 /* ZXNetworkManager.framework */;
			productType = "com.apple.product-type.framework";
		};
		35CE80FB200FA1AC00C13235 /* ZXNetworkManagerTests */ = {
			isa = PBXNativeTarget;
			buildConfigurationList = 35CE810A200FA1AC00C13235 /* Build configuration list for PBXNativeTarget "ZXNetworkManagerTests" */;
			buildPhases = (
				35CE80F8200FA1AC00C13235 /* Sources */,
				35CE80F9200FA1AC00C13235 /* Frameworks */,
				35CE80FA200FA1AC00C13235 /* Resources */,
			);
			buildRules = (
			);
			dependencies = (
				35CE80FF200FA1AC00C13235 /* PBXTargetDependency */,
			);
			name = ZXNetworkManagerTests;
			productName = ZXNetworkManagerTests;
			productReference = 35CE80FC200FA1AC00C13235 /* ZXNetworkManagerTests.xctest */;
			productType = "com.apple.product-type.bundle.unit-test";
		};
/* End PBXNativeTarget section */

/* Begin PBXProject section */
		35CE80EA200FA1AB00C13235 /* Project object */ = {
			isa = PBXProject;
			attributes = {
				LastUpgradeCheck = 0900;
				ORGANIZATIONNAME = habav;
				TargetAttributes = {
					35CE80F2200FA1AC00C13235 = {
						CreatedOnToolsVersion = 9.0;
						ProvisioningStyle = Automatic;
					};
					35CE80FB200FA1AC00C13235 = {
						CreatedOnToolsVersion = 9.0;
						ProvisioningStyle = Automatic;
					};
				};
			};
			buildConfigurationList = 35CE80ED200FA1AB00C13235 /* Build configuration list for PBXProject "ZXNetworkManager" */;
			compatibilityVersion = "Xcode 8.0";
			developmentRegion = en;
			hasScannedForEncodings = 0;
			knownRegions = (
				en,
			);
			mainGroup = 35CE80E9200FA1AB00C13235;
			productRefGroup = 35CE80F4200FA1AC00C13235 /* Products */;
			projectDirPath = "";
			projectRoot = "";
			targets = (
				35CE80F2200FA1AC00C13235 /* ZXNetworkManager */,
				35CE80FB200FA1AC00C13235 /* ZXNetworkManagerTests */,
			);
		};
/* End PBXProject section */

/* Begin PBXResourcesBuildPhase section */
		35CE80F1200FA1AC00C13235 /* Resources */ = {
			isa = PBXResourcesBuildPhase;
			buildActionMask = 2147483647;
			files = (
			);
			runOnlyForDeploymentPostprocessing = 0;
		};
		35CE80FA200FA1AC00C13235 /* Resources */ = {
			isa = PBXResourcesBuildPhase;
			buildActionMask = 2147483647;
			files = (
			);
			runOnlyForDeploymentPostprocessing = 0;
		};
/* End PBXResourcesBuildPhase section */

/* Begin PBXSourcesBuildPhase section */
		35CE80EE200FA1AC00C13235 /* Sources */ = {
			isa = PBXSourcesBuildPhase;
			buildActionMask = 2147483647;
			files = (
				35CE810F200FA1C500C13235 /* ZXNetWorkManager.m in Sources */,
				35CE8139200FA39C00C13235 /* ZXModelManager.m in Sources */,
			);
			runOnlyForDeploymentPostprocessing = 0;
		};
		35CE80F8200FA1AC00C13235 /* Sources */ = {
			isa = PBXSourcesBuildPhase;
			buildActionMask = 2147483647;
			files = (
				35CE8102200FA1AC00C13235 /* ZXNetworkManagerTests.m in Sources */,
			);
			runOnlyForDeploymentPostprocessing = 0;
		};
/* End PBXSourcesBuildPhase section */

/* Begin PBXTargetDependency section */
		35CE80FF200FA1AC00C13235 /* PBXTargetDependency */ = {
			isa = PBXTargetDependency;
			target = 35CE80F2200FA1AC00C13235 /* ZXNetworkManager */;
			targetProxy = 35CE80FE200FA1AC00C13235 /* PBXContainerItemProxy */;
		};
/* End PBXTargetDependency section */

/* Begin XCBuildConfiguration section */
		35CE8105200FA1AC00C13235 /* Debug */ = {
			isa = XCBuildConfiguration;
			buildSettings = {
				ALWAYS_SEARCH_USER_PATHS = NO;
				CLANG_ANALYZER_NONNULL = YES;
				CLANG_ANALYZER_NUMBER_OBJECT_CONVERSION = YES_AGGRESSIVE;
				CLANG_CXX_LANGUAGE_STANDARD = "gnu++14";
				CLANG_CXX_LIBRARY = "libc++";
				CLANG_ENABLE_MODULES = YES;
				CLANG_ENABLE_OBJC_ARC = YES;
				CLANG_WARN_BLOCK_CAPTURE_AUTORELEASING = YES;
				CLANG_WARN_BOOL_CONVERSION = YES;
				CLANG_WARN_COMMA = YES;
				CLANG_WARN_CONSTANT_CONVERSION = YES;
				CLANG_WARN_DIRECT_OBJC_ISA_USAGE = YES_ERROR;
				CLANG_WARN_DOCUMENTATION_COMMENTS = YES;
				CLANG_WARN_EMPTY_BODY = YES;
				CLANG_WARN_ENUM_CONVERSION = YES;
				CLANG_WARN_INFINITE_RECURSION = YES;
				CLANG_WARN_INT_CONVERSION = YES;
				CLANG_WARN_NON_LITERAL_NULL_CONVERSION = YES;
				CLANG_WARN_OBJC_LITERAL_CONVERSION = YES;
				CLANG_WARN_OBJC_ROOT_CLASS = YES_ERROR;
				CLANG_WARN_RANGE_LOOP_ANALYSIS = YES;
				CLANG_WARN_STRICT_PROTOTYPES = YES;
				CLANG_WARN_SUSPICIOUS_MOVE = YES;
				CLANG_WARN_UNGUARDED_AVAILABILITY = YES_AGGRESSIVE;
				CLANG_WARN_UNREACHABLE_CODE = YES;
				CLANG_WARN__DUPLICATE_METHOD_MATCH = YES;
				CODE_SIGN_IDENTITY = "iPhone Developer";
				COPY_PHASE_STRIP = NO;
				CURRENT_PROJECT_VERSION = 1;
				DEBUG_INFORMATION_FORMAT = dwarf;
				ENABLE_STRICT_OBJC_MSGSEND = YES;
				ENABLE_TESTABILITY = YES;
				GCC_C_LANGUAGE_STANDARD = gnu11;
				GCC_DYNAMIC_NO_PIC = NO;
				GCC_NO_COMMON_BLOCKS = YES;
				GCC_OPTIMIZATION_LEVEL = 0;
				GCC_PREPROCESSOR_DEFINITIONS = (
					"DEBUG=1",
					"$(inherited)",
				);
				GCC_WARN_64_TO_32_BIT_CONVERSION = YES;
				GCC_WARN_ABOUT_RETURN_TYPE = YES_ERROR;
				GCC_WARN_UNDECLARED_SELECTOR = YES;
				GCC_WARN_UNINITIALIZED_AUTOS = YES_AGGRESSIVE;
				GCC_WARN_UNUSED_FUNCTION = YES;
				GCC_WARN_UNUSED_VARIABLE = YES;
				IPHONEOS_DEPLOYMENT_TARGET = 11.0;
				MTL_ENABLE_DEBUG_INFO = YES;
				ONLY_ACTIVE_ARCH = YES;
				SDKROOT = iphoneos;
				VERSIONING_SYSTEM = "apple-generic";
				VERSION_INFO_PREFIX = "";
			};
			name = Debug;
		};
		35CE8106200FA1AC00C13235 /* Release */ = {
			isa = XCBuildConfiguration;
			buildSettings = {
				ALWAYS_SEARCH_USER_PATHS = NO;
				CLANG_ANALYZER_NONNULL = YES;
				CLANG_ANALYZER_NUMBER_OBJECT_CONVERSION = YES_AGGRESSIVE;
				CLANG_CXX_LANGUAGE_STANDARD = "gnu++14";
				CLANG_CXX_LIBRARY = "libc++";
				CLANG_ENABLE_MODULES = YES;
				CLANG_ENABLE_OBJC_ARC = YES;
				CLANG_WARN_BLOCK_CAPTURE_AUTORELEASING = YES;
				CLANG_WARN_BOOL_CONVERSION = YES;
				CLANG_WARN_COMMA = YES;
				CLANG_WARN_CONSTANT_CONVERSION = YES;
				CLANG_WARN_DIRECT_OBJC_ISA_USAGE = YES_ERROR;
				CLANG_WARN_DOCUMENTATION_COMMENTS = YES;
				CLANG_WARN_EMPTY_BODY = YES;
				CLANG_WARN_ENUM_CONVERSION = YES;
				CLANG_WARN_INFINITE_RECURSION = YES;
				CLANG_WARN_INT_CONVERSION = YES;
				CLANG_WARN_NON_LITERAL_NULL_CONVERSION = YES;
				CLANG_WARN_OBJC_LITERAL_CONVERSION = YES;
				CLANG_WARN_OBJC_ROOT_CLASS = YES_ERROR;
				CLANG_WARN_RANGE_LOOP_ANALYSIS = YES;
				CLANG_WARN_STRICT_PROTOTYPES = YES;
				CLANG_WARN_SUSPICIOUS_MOVE = YES;
				CLANG_WARN_UNGUARDED_AVAILABILITY = YES_AGGRESSIVE;
				CLANG_WARN_UNREACHABLE_CODE = YES;
				CLANG_WARN__DUPLICATE_METHOD_MATCH = YES;
				CODE_SIGN_IDENTITY = "iPhone Developer";
				COPY_PHASE_STRIP = NO;
				CURRENT_PROJECT_VERSION = 1;
				DEBUG_INFORMATION_FORMAT = "dwarf-with-dsym";
				ENABLE_NS_ASSERTIONS = NO;
				ENABLE_STRICT_OBJC_MSGSEND = YES;
				GCC_C_LANGUAGE_STANDARD = gnu11;
				GCC_NO_COMMON_BLOCKS = YES;
				GCC_WARN_64_TO_32_BIT_CONVERSION = YES;
				GCC_WARN_ABOUT_RETURN_TYPE = YES_ERROR;
				GCC_WARN_UNDECLARED_SELECTOR = YES;
				GCC_WARN_UNINITIALIZED_AUTOS = YES_AGGRESSIVE;
				GCC_WARN_UNUSED_FUNCTION = YES;
				GCC_WARN_UNUSED_VARIABLE = YES;
				IPHONEOS_DEPLOYMENT_TARGET = 11.0;
				MTL_ENABLE_DEBUG_INFO = NO;
				SDKROOT = iphoneos;
				VALIDATE_PRODUCT = YES;
				VERSIONING_SYSTEM = "apple-generic";
				VERSION_INFO_PREFIX = "";
			};
			name = Release;
		};
		35CE8108200FA1AC00C13235 /* Debug */ = {
			isa = XCBuildConfiguration;
			buildSettings = {
				CODE_SIGN_IDENTITY = "";
				CODE_SIGN_STYLE = Automatic;
				DEFINES_MODULE = YES;
				DEVELOPMENT_TEAM = 2K8YQD53SK;
				DYLIB_COMPATIBILITY_VERSION = 1;
				DYLIB_CURRENT_VERSION = 1;
				DYLIB_INSTALL_NAME_BASE = "@rpath";
				INFOPLIST_FILE = ZXNetworkManager/Info.plist;
				INSTALL_PATH = "$(LOCAL_LIBRARY_DIR)/Frameworks";
				LD_RUNPATH_SEARCH_PATHS = "$(inherited) @executable_path/Frameworks @loader_path/Frameworks";
				PRODUCT_BUNDLE_IDENTIFIER = com.habav.ZXNetworkManager;
				PRODUCT_NAME = "$(TARGET_NAME:c99extidentifier)";
				SKIP_INSTALL = YES;
				TARGETED_DEVICE_FAMILY = "1,2";
			};
			name = Debug;
		};
		35CE8109200FA1AC00C13235 /* Release */ = {
			isa = XCBuildConfiguration;
			buildSettings = {
				CODE_SIGN_IDENTITY = "";
				CODE_SIGN_STYLE = Automatic;
				DEFINES_MODULE = YES;
				DEVELOPMENT_TEAM = 2K8YQD53SK;
				DYLIB_COMPATIBILITY_VERSION = 1;
				DYLIB_CURRENT_VERSION = 1;
				DYLIB_INSTALL_NAME_BASE = "@rpath";
				INFOPLIST_FILE = ZXNetworkManager/Info.plist;
				INSTALL_PATH = "$(LOCAL_LIBRARY_DIR)/Frameworks";
				LD_RUNPATH_SEARCH_PATHS = "$(inherited) @executable_path/Frameworks @loader_path/Frameworks";
				PRODUCT_BUNDLE_IDENTIFIER = com.habav.ZXNetworkManager;
				PRODUCT_NAME = "$(TARGET_NAME:c99extidentifier)";
				SKIP_INSTALL = YES;
				TARGETED_DEVICE_FAMILY = "1,2";
			};
			name = Release;
		};
		35CE810B200FA1AC00C13235 /* Debug */ = {
			isa = XCBuildConfiguration;
			buildSettings = {
				CODE_SIGN_STYLE = Automatic;
				DEVELOPMENT_TEAM = 2K8YQD53SK;
				INFOPLIST_FILE = ZXNetworkManagerTests/Info.plist;
				LD_RUNPATH_SEARCH_PATHS = "$(inherited) @executable_path/Frameworks @loader_path/Frameworks";
				PRODUCT_BUNDLE_IDENTIFIER = com.habav.ZXNetworkManagerTests;
				PRODUCT_NAME = "$(TARGET_NAME)";
				TARGETED_DEVICE_FAMILY = "1,2";
			};
			name = Debug;
		};
		35CE810C200FA1AC00C13235 /* Release */ = {
			isa = XCBuildConfiguration;
			buildSettings = {
				CODE_SIGN_STYLE = Automatic;
				DEVELOPMENT_TEAM = 2K8YQD53SK;
				INFOPLIST_FILE = ZXNetworkManagerTests/Info.plist;
				LD_RUNPATH_SEARCH_PATHS = "$(inherited) @executable_path/Frameworks @loader_path/Frameworks";
				PRODUCT_BUNDLE_IDENTIFIER = com.habav.ZXNetworkManagerTests;
				PRODUCT_NAME = "$(TARGET_NAME)";
				TARGETED_DEVICE_FAMILY = "1,2";
			};
			name = Release;
		};
/* End XCBuildConfiguration section */

/* Begin XCConfigurationList section */
		35CE80ED200FA1AB00C13235 /* Build configuration list for PBXProject "ZXNetworkManager" */ = {
			isa = XCConfigurationList;
			buildConfigurations = (
				35CE8105200FA1AC00C13235 /* Debug */,
				35CE8106200FA1AC00C13235 /* Release */,
			);
			defaultConfigurationIsVisible = 0;
			defaultConfigurationName = Release;
		};
		35CE8107200FA1AC00C13235 /* Build configuration list for PBXNativeTarget "ZXNetworkManager" */ = {
			isa = XCConfigurationList;
			buildConfigurations = (
				35CE8108200FA1AC00C13235 /* Debug */,
				35CE8109200FA1AC00C13235 /* Release */,
			);
			defaultConfigurationIsVisible = 0;
			defaultConfigurationName = Release;
		};
		35CE810A200FA1AC00C13235 /* Build configuration list for PBXNativeTarget "ZXNetworkManagerTests" */ = {
			isa = XCConfigurationList;
			buildConfigurations = (
				35CE810B200FA1AC00C13235 /* Debug */,
				35CE810C200FA1AC00C13235 /* Release */,
			);
			defaultConfigurationIsVisible = 0;
			defaultConfigurationName = Release;
		};
/* End XCConfigurationList section */
	};
	rootObject = 35CE80EA200FA1AB00C13235 /* Project object */;
}
